
Microsoft Visual Studio Solution File, Format Version 12.00
# Visual Studio Version 17
VisualStudioVersion = 17.2.32519.379
MinimumVisualStudioVersion = 10.0.40219.1
Project("{FAE04EC0-301F-11D3-BF4B-00C04F79EFBC}") = "PryFrancoGDI", "PryFrancoGDI\PryFrancoGDI.csproj", "{DB269335-8FFA-4725-A536-A4C623D4797F}"
EndProject
Global
	GlobalSection(SolutionConfigurationPlatforms) = preSolution
		Debug|Any CPU = Debug|Any CPU
		Release|Any CPU = Release|Any CPU
	EndGlobalSection
	GlobalSection(ProjectConfigurationPlatforms) = postSolution
		{DB269335-8FFA-4725-A536-A4C623D4797F}.Debug|Any CPU.ActiveCfg = Debug|Any CPU
		{DB269335-8FFA-4725-A536-A4C623D4797F}.Debug|Any CPU.Build.0 = Debug|Any CPU
		{DB269335-8FFA-4725-A536-A4C623D4797F}.Release|Any CPU.ActiveCfg = Release|Any CPU
		{DB269335-8FFA-4725-A536-A4C623D4797F}.Release|Any CPU.Build.0 = Release|Any CPU
	EndGlobalSection
	GlobalSection(SolutionProperties) = preSolution
		HideSolutionNode = FALSE
	EndGlobalSection
	GlobalSection(ExtensibilityGlobals) = postSolution
		SolutionGuid = {14957DC7-AA64-4232-8133-B7B1F60A3B23}
	EndGlobalSection
EndGlobal
